
Microsoft Visual Studio Solution File, Format Version 12.00
# Visual Studio Version 16
VisualStudioVersion = 25.0.1704.3
MinimumVisualStudioVersion = 10.0.40219.1
Project("{FAE04EC0-301F-11D3-BF4B-00C04F79EFBC}") = "Knowledge Check 2", "Knowledge Check 2.csproj", "{9EBE87A5-4AD0-43BD-9034-683C2A27B54E}"
EndProject
Global
	GlobalSection(SolutionConfigurationPlatforms) = preSolution
		Debug|Any CPU = Debug|Any CPU
		Release|Any CPU = Release|Any CPU
	EndGlobalSection
	GlobalSection(ProjectConfigurationPlatforms) = postSolution
		{9EBE87A5-4AD0-43BD-9034-683C2A27B54E}.Debug|Any CPU.ActiveCfg = Debug|Any CPU
		{9EBE87A5-4AD0-43BD-9034-683C2A27B54E}.Debug|Any CPU.Build.0 = Debug|Any CPU
		{9EBE87A5-4AD0-43BD-9034-683C2A27B54E}.Release|Any CPU.ActiveCfg = Release|Any CPU
		{9EBE87A5-4AD0-43BD-9034-683C2A27B54E}.Release|Any CPU.Build.0 = Release|Any CPU
	EndGlobalSection
	GlobalSection(SolutionProperties) = preSolution
		HideSolutionNode = FALSE
	EndGlobalSection
	GlobalSection(ExtensibilityGlobals) = postSolution
		SolutionGuid = {5E02FC34-4ADA-45B5-84F2-7D18D4827D37}
	EndGlobalSection
EndGlobal
